// !$*UTF8*$!
{
	archiveVersion = 1;
	classes = {
	};
	objectVersion = 48;
	objects = {

/* Begin PBXBuildFile section */
		470941C81F91A081001B2698 /* AppDelegate.swift in Sources */ = {isa = PBXBuildFile; fileRef = 470941C71F91A081001B2698 /* AppDelegate.swift */; };
		470941CA1F91A081001B2698 /* ViewController.swift in Sources */ = {isa = PBXBuildFile; fileRef = 470941C91F91A081001B2698 /* ViewController.swift */; };
		470941CD1F91A081001B2698 /* Main.storyboard in Resources */ = {isa = PBXBuildFile; fileRef = 470941CB1F91A081001B2698 /* Main.storyboard */; };
		470941CF1F91A081001B2698 /* Assets.xcassets in Resources */ = {isa = PBXBuildFile; fileRef = 470941CE1F91A081001B2698 /* Assets.xcassets */; };
		470941D21F91A081001B2698 /* LaunchScreen.storyboard in Resources */ = {isa = PBXBuildFile; fileRef = 470941D01F91A081001B2698 /* LaunchScreen.storyboard */; };
		4714E6191F91A6350097C070 /* ActivityViewController.swift in Sources */ = {isa = PBXBuildFile; fileRef = 4714E6171F91A6350097C070 /* ActivityViewController.swift */; };
		4714E61A1F91A6350097C070 /* ActivityViewController.xib in Resources */ = {isa = PBXBuildFile; fileRef = 4714E6181F91A6350097C070 /* ActivityViewController.xib */; };
		4714E61D1F91A6670097C070 /* VolumeViewController.swift in Sources */ = {isa = PBXBuildFile; fileRef = 4714E61B1F91A6670097C070 /* VolumeViewController.swift */; };
		4714E61E1F91A6670097C070 /* VolumeViewController.xib in Resources */ = {isa = PBXBuildFile; fileRef = 4714E61C1F91A6670097C070 /* VolumeViewController.xib */; };
		4714E6251F91B2310097C070 /* PictureViewController.swift in Sources */ = {isa = PBXBuildFile; fileRef = 4714E6231F91B2310097C070 /* PictureViewController.swift */; };
		4714E6261F91B2310097C070 /* PictureViewController.xib in Resources */ = {isa = PBXBuildFile; fileRef = 4714E6241F91B2310097C070 /* PictureViewController.xib */; };
		4714E62A1F91FFEE0097C070 /* WeiBoViewController.swift in Sources */ = {isa = PBXBuildFile; fileRef = 4714E6281F91FFEE0097C070 /* WeiBoViewController.swift */; };
		4714E62B1F91FFEE0097C070 /* WeiBoViewController.xib in Resources */ = {isa = PBXBuildFile; fileRef = 4714E6291F91FFEE0097C070 /* WeiBoViewController.xib */; };
		4714E62D1F9203440097C070 /* PublishView.swift in Sources */ = {isa = PBXBuildFile; fileRef = 4714E62C1F9203440097C070 /* PublishView.swift */; };
		4714E62F1F92034E0097C070 /* PublishView.xib in Resources */ = {isa = PBXBuildFile; fileRef = 4714E62E1F92034E0097C070 /* PublishView.xib */; };
		47281BFB1F95D72500E9342F /* RadarViewController.swift in Sources */ = {isa = PBXBuildFile; fileRef = 47281BF91F95D72500E9342F /* RadarViewController.swift */; };
		47281BFC1F95D72500E9342F /* RadarViewController.xib in Resources */ = {isa = PBXBuildFile; fileRef = 47281BFA1F95D72500E9342F /* RadarViewController.xib */; };
		47281BFE1F95DB3200E9342F /* RadarView.swift in Sources */ = {isa = PBXBuildFile; fileRef = 47281BFD1F95DB3200E9342F /* RadarView.swift */; };
		473195D71F94511C0023786A /* AppConstant.swift in Sources */ = {isa = PBXBuildFile; fileRef = 473195D61F94511C0023786A /* AppConstant.swift */; };
		473195D91F9453A10023786A /* BaseButton.swift in Sources */ = {isa = PBXBuildFile; fileRef = 473195D81F9453A10023786A /* BaseButton.swift */; };
		473195DE1F9486C60023786A /* ClockViewController.swift in Sources */ = {isa = PBXBuildFile; fileRef = 473195DC1F9486C60023786A /* ClockViewController.swift */; };
		473195DF1F9486C60023786A /* ClockViewController.xib in Resources */ = {isa = PBXBuildFile; fileRef = 473195DD1F9486C60023786A /* ClockViewController.xib */; };
		473195E21F9486DF0023786A /* QQAnimationViewController.swift in Sources */ = {isa = PBXBuildFile; fileRef = 473195E01F9486DF0023786A /* QQAnimationViewController.swift */; };
		473195E31F9486DF0023786A /* QQAnimationViewController.xib in Resources */ = {isa = PBXBuildFile; fileRef = 473195E11F9486DF0023786A /* QQAnimationViewController.xib */; };
		473195E71F948C0E0023786A /* AnimationExtension.swift in Sources */ = {isa = PBXBuildFile; fileRef = 473195E61F948C0E0023786A /* AnimationExtension.swift */; };
		473195E91F95907B0023786A /* PointButton.swift in Sources */ = {isa = PBXBuildFile; fileRef = 473195E81F95907B0023786A /* PointButton.swift */; };
		473195EB1F95CC4C0023786A /* LikeView.swift in Sources */ = {isa = PBXBuildFile; fileRef = 473195EA1F95CC4C0023786A /* LikeView.swift */; };
		474E870F1FA8558E000A9AB6 /* WaterWaveAnimationView.swift in Sources */ = {isa = PBXBuildFile; fileRef = 474E870E1FA8558E000A9AB6 /* WaterWaveAnimationView.swift */; };
		474E87111FA855AC000A9AB6 /* WaterWaveViewController.swift in Sources */ = {isa = PBXBuildFile; fileRef = 474E87101FA855AC000A9AB6 /* WaterWaveViewController.swift */; };
		47F098051FA722E800810E2F /* CarouseViewController.swift in Sources */ = {isa = PBXBuildFile; fileRef = 47F098041FA722E800810E2F /* CarouseViewController.swift */; };
		47F098071FA7230300810E2F /* CarouseAnimationView.swift in Sources */ = {isa = PBXBuildFile; fileRef = 47F098061FA7230300810E2F /* CarouseAnimationView.swift */; };
		6435F4AB6BBDEC7580BB0E46 /* Pods_POPAnimation.framework in Frameworks */ = {isa = PBXBuildFile; fileRef = 524294C0D2A2B1EB04C43B25 /* Pods_POPAnimation.framework */; };
/* End PBXBuildFile section */

/* Begin PBXFileReference section */
		470941C41F91A081001B2698 /* POPAnimation.app */ = {isa = PBXFileReference; explicitFileType = wrapper.application; includeInIndex = 0; path = POPAnimation.app; sourceTree = BUILT_PRODUCTS_DIR; };
		470941C71F91A081001B2698 /* AppDelegate.swift */ = {isa = PBXFileReference; lastKnownFileType = sourcecode.swift; path = AppDelegate.swift; sourceTree = "<group>"; };
		470941C91F91A081001B2698 /* ViewController.swift */ = {isa = PBXFileReference; lastKnownFileType = sourcecode.swift; path = ViewController.swift; sourceTree = "<group>"; };
		470941CC1F91A081001B2698 /* Base */ = {isa = PBXFileReference; lastKnownFileType = file.storyboard; name = Base; path = Base.lproj/Main.storyboard; sourceTree = "<group>"; };
		470941CE1F91A081001B2698 /* Assets.xcassets */ = {isa = PBXFileReference; lastKnownFileType = folder.assetcatalog; path = Assets.xcassets; sourceTree = "<group>"; };
		470941D11F91A081001B2698 /* Base */ = {isa = PBXFileReference; lastKnownFileType = file.storyboard; name = Base; path = Base.lproj/LaunchScreen.storyboard; sourceTree = "<group>"; };
		470941D31F91A081001B2698 /* Info.plist */ = {isa = PBXFileReference; lastKnownFileType = text.plist.xml; path = Info.plist; sourceTree = "<group>"; };
		4714E6171F91A6350097C070 /* ActivityViewController.swift */ = {isa = PBXFileReference; lastKnownFileType = sourcecode.swift; path = ActivityViewController.swift; sourceTree = "<group>"; };
		4714E6181F91A6350097C070 /* ActivityViewController.xib */ = {isa = PBXFileReference; lastKnownFileType = file.xib; path = ActivityViewController.xib; sourceTree = "<group>"; };
		4714E61B1F91A6670097C070 /* VolumeViewController.swift */ = {isa = PBXFileReference; lastKnownFileType = sourcecode.swift; path = VolumeViewController.swift; sourceTree = "<group>"; };
		4714E61C1F91A6670097C070 /* VolumeViewController.xib */ = {isa = PBXFileReference; lastKnownFileType = file.xib; path = VolumeViewController.xib; sourceTree = "<group>"; };
		4714E6231F91B2310097C070 /* PictureViewController.swift */ = {isa = PBXFileReference; lastKnownFileType = sourcecode.swift; path = PictureViewController.swift; sourceTree = "<group>"; };
		4714E6241F91B2310097C070 /* PictureViewController.xib */ = {isa = PBXFileReference; lastKnownFileType = file.xib; path = PictureViewController.xib; sourceTree = "<group>"; };
		4714E6281F91FFEE0097C070 /* WeiBoViewController.swift */ = {isa = PBXFileReference; lastKnownFileType = sourcecode.swift; path = WeiBoViewController.swift; sourceTree = "<group>"; };
		4714E6291F91FFEE0097C070 /* WeiBoViewController.xib */ = {isa = PBXFileReference; lastKnownFileType = file.xib; path = WeiBoViewController.xib; sourceTree = "<group>"; };
		4714E62C1F9203440097C070 /* PublishView.swift */ = {isa = PBXFileReference; lastKnownFileType = sourcecode.swift; path = PublishView.swift; sourceTree = "<group>"; };
		4714E62E1F92034E0097C070 /* PublishView.xib */ = {isa = PBXFileReference; lastKnownFileType = file.xib; path = PublishView.xib; sourceTree = "<group>"; };
		47281BF91F95D72500E9342F /* RadarViewController.swift */ = {isa = PBXFileReference; lastKnownFileType = sourcecode.swift; path = RadarViewController.swift; sourceTree = "<group>"; };
		47281BFA1F95D72500E9342F /* RadarViewController.xib */ = {isa = PBXFileReference; lastKnownFileType = file.xib; path = RadarViewController.xib; sourceTree = "<group>"; };
		47281BFD1F95DB3200E9342F /* RadarView.swift */ = {isa = PBXFileReference; lastKnownFileType = sourcecode.swift; path = RadarView.swift; sourceTree = "<group>"; };
		473195D61F94511C0023786A /* AppConstant.swift */ = {isa = PBXFileReference; lastKnownFileType = sourcecode.swift; path = AppConstant.swift; sourceTree = "<group>"; };
		473195D81F9453A10023786A /* BaseButton.swift */ = {isa = PBXFileReference; lastKnownFileType = sourcecode.swift; path = BaseButton.swift; sourceTree = "<group>"; };
		473195DC1F9486C60023786A /* ClockViewController.swift */ = {isa = PBXFileReference; lastKnownFileType = sourcecode.swift; path = ClockViewController.swift; sourceTree = "<group>"; };
		473195DD1F9486C60023786A /* ClockViewController.xib */ = {isa = PBXFileReference; lastKnownFileType = file.xib; path = ClockViewController.xib; sourceTree = "<group>"; };
		473195E01F9486DF0023786A /* QQAnimationViewController.swift */ = {isa = PBXFileReference; lastKnownFileType = sourcecode.swift; path = QQAnimationViewController.swift; sourceTree = "<group>"; };
		473195E11F9486DF0023786A /* QQAnimationViewController.xib */ = {isa = PBXFileReference; lastKnownFileType = file.xib; path = QQAnimationViewController.xib; sourceTree = "<group>"; };
		473195E61F948C0E0023786A /* AnimationExtension.swift */ = {isa = PBXFileReference; lastKnownFileType = sourcecode.swift; path = AnimationExtension.swift; sourceTree = "<group>"; };
		473195E81F95907B0023786A /* PointButton.swift */ = {isa = PBXFileReference; lastKnownFileType = sourcecode.swift; path = PointButton.swift; sourceTree = "<group>"; };
		473195EA1F95CC4C0023786A /* LikeView.swift */ = {isa = PBXFileReference; lastKnownFileType = sourcecode.swift; path = LikeView.swift; sourceTree = "<group>"; };
		474E870E1FA8558E000A9AB6 /* WaterWaveAnimationView.swift */ = {isa = PBXFileReference; lastKnownFileType = sourcecode.swift; path = WaterWaveAnimationView.swift; sourceTree = "<group>"; };
		474E87101FA855AC000A9AB6 /* WaterWaveViewController.swift */ = {isa = PBXFileReference; lastKnownFileType = sourcecode.swift; path = WaterWaveViewController.swift; sourceTree = "<group>"; };
		47F098041FA722E800810E2F /* CarouseViewController.swift */ = {isa = PBXFileReference; lastKnownFileType = sourcecode.swift; path = CarouseViewController.swift; sourceTree = "<group>"; };
		47F098061FA7230300810E2F /* CarouseAnimationView.swift */ = {isa = PBXFileReference; lastKnownFileType = sourcecode.swift; path = CarouseAnimationView.swift; sourceTree = "<group>"; };
		524294C0D2A2B1EB04C43B25 /* Pods_POPAnimation.framework */ = {isa = PBXFileReference; explicitFileType = wrapper.framework; includeInIndex = 0; path = Pods_POPAnimation.framework; sourceTree = BUILT_PRODUCTS_DIR; };
		DB8481B9511A5747A7E388E9 /* Pods-POPAnimation.release.xcconfig */ = {isa = PBXFileReference; includeInIndex = 1; lastKnownFileType = text.xcconfig; name = "Pods-POPAnimation.release.xcconfig"; path = "Pods/Target Support Files/Pods-POPAnimation/Pods-POPAnimation.release.xcconfig"; sourceTree = "<group>"; };
		E96A68EFFB8A37BDCFD91363 /* Pods-POPAnimation.debug.xcconfig */ = {isa = PBXFileReference; includeInIndex = 1; lastKnownFileType = text.xcconfig; name = "Pods-POPAnimation.debug.xcconfig"; path = "Pods/Target Support Files/Pods-POPAnimation/Pods-POPAnimation.debug.xcconfig"; sourceTree = "<group>"; };
/* End PBXFileReference section */

/* Begin PBXFrameworksBuildPhase section */
		470941C11F91A081001B2698 /* Frameworks */ = {
			isa = PBXFrameworksBuildPhase;
			buildActionMask = 2147483647;
			files = (
				6435F4AB6BBDEC7580BB0E46 /* Pods_POPAnimation.framework in Frameworks */,
			);
			runOnlyForDeploymentPostprocessing = 0;
		};
/* End PBXFrameworksBuildPhase section */

/* Begin PBXGroup section */
		22A8E9E2322D90F8762C0145 /* Pods */ = {
			isa = PBXGroup;
			children = (
				E96A68EFFB8A37BDCFD91363 /* Pods-POPAnimation.debug.xcconfig */,
				DB8481B9511A5747A7E388E9 /* Pods-POPAnimation.release.xcconfig */,
			);
			name = Pods;
			sourceTree = "<group>";
		};
		470941BB1F91A081001B2698 = {
			isa = PBXGroup;
			children = (
				470941C61F91A081001B2698 /* POPAnimation */,
				470941C51F91A081001B2698 /* Products */,
				22A8E9E2322D90F8762C0145 /* Pods */,
				78EA6AB8782A1BA633E53E30 /* Frameworks */,
			);
			sourceTree = "<group>";
		};
		470941C51F91A081001B2698 /* Products */ = {
			isa = PBXGroup;
			children = (
				470941C41F91A081001B2698 /* POPAnimation.app */,
			);
			name = Products;
			sourceTree = "<group>";
		};
		470941C61F91A081001B2698 /* POPAnimation */ = {
			isa = PBXGroup;
			children = (
				474E870D1FA8556A000A9AB6 /* 水波纹效果 */,
				47F097FF1FA71CED00810E2F /* 跑马灯效果 */,
				47281BF81F95D70200E9342F /* 雷达-水波纹动画 */,
				473195DA1F9486AF0023786A /* 倒计时-计时器 */,
				473195DB1F9486AF0023786A /* QQ粘性动画 */,
				4714E6271F91FFDE0097C070 /* 微博动画 */,
				4714E6141F91A5380097C070 /* 活动指示器 */,
				4714E6151F91A5380097C070 /* 音量震动条 */,
				4714E6161F91A5380097C070 /* 折叠图片 */,
				470941C71F91A081001B2698 /* AppDelegate.swift */,
				470941C91F91A081001B2698 /* ViewController.swift */,
				473195D61F94511C0023786A /* AppConstant.swift */,
				470941CB1F91A081001B2698 /* Main.storyboard */,
				470941CE1F91A081001B2698 /* Assets.xcassets */,
				470941D01F91A081001B2698 /* LaunchScreen.storyboard */,
				470941D31F91A081001B2698 /* Info.plist */,
			);
			path = POPAnimation;
			sourceTree = "<group>";
		};
		4714E6141F91A5380097C070 /* 活动指示器 */ = {
			isa = PBXGroup;
			children = (
				4714E6171F91A6350097C070 /* ActivityViewController.swift */,
				4714E6181F91A6350097C070 /* ActivityViewController.xib */,
			);
			path = "活动指示器";
			sourceTree = "<group>";
		};
		4714E6151F91A5380097C070 /* 音量震动条 */ = {
			isa = PBXGroup;
			children = (
				4714E61B1F91A6670097C070 /* VolumeViewController.swift */,
				4714E61C1F91A6670097C070 /* VolumeViewController.xib */,
			);
			path = "音量震动条";
			sourceTree = "<group>";
		};
		4714E6161F91A5380097C070 /* 折叠图片 */ = {
			isa = PBXGroup;
			children = (
				4714E6231F91B2310097C070 /* PictureViewController.swift */,
				4714E6241F91B2310097C070 /* PictureViewController.xib */,
			);
			path = "折叠图片";
			sourceTree = "<group>";
		};
		4714E6271F91FFDE0097C070 /* 微博动画 */ = {
			isa = PBXGroup;
			children = (
				4714E6281F91FFEE0097C070 /* WeiBoViewController.swift */,
				4714E6291F91FFEE0097C070 /* WeiBoViewController.xib */,
				4714E62C1F9203440097C070 /* PublishView.swift */,
				4714E62E1F92034E0097C070 /* PublishView.xib */,
				473195D81F9453A10023786A /* BaseButton.swift */,
			);
			path = "微博动画";
			sourceTree = "<group>";
		};
		47281BF81F95D70200E9342F /* 雷达-水波纹动画 */ = {
			isa = PBXGroup;
			children = (
				47281BF91F95D72500E9342F /* RadarViewController.swift */,
				47281BFA1F95D72500E9342F /* RadarViewController.xib */,
				47281BFD1F95DB3200E9342F /* RadarView.swift */,
			);
			path = "雷达-水波纹动画";
			sourceTree = "<group>";
		};
		473195DA1F9486AF0023786A /* 倒计时-计时器 */ = {
			isa = PBXGroup;
			children = (
				473195DC1F9486C60023786A /* ClockViewController.swift */,
				473195DD1F9486C60023786A /* ClockViewController.xib */,
			);
			path = "倒计时-计时器";
			sourceTree = "<group>";
		};
		473195DB1F9486AF0023786A /* QQ粘性动画 */ = {
			isa = PBXGroup;
			children = (
				473195E01F9486DF0023786A /* QQAnimationViewController.swift */,
				473195E11F9486DF0023786A /* QQAnimationViewController.xib */,
				473195EA1F95CC4C0023786A /* LikeView.swift */,
				473195E81F95907B0023786A /* PointButton.swift */,
				473195E61F948C0E0023786A /* AnimationExtension.swift */,
			);
			path = "QQ粘性动画";
			sourceTree = "<group>";
		};
		474E870D1FA8556A000A9AB6 /* 水波纹效果 */ = {
			isa = PBXGroup;
			children = (
				474E87101FA855AC000A9AB6 /* WaterWaveViewController.swift */,
				474E870E1FA8558E000A9AB6 /* WaterWaveAnimationView.swift */,
			);
			path = "水波纹效果";
			sourceTree = "<group>";
		};
		47F097FF1FA71CED00810E2F /* 跑马灯效果 */ = {
			isa = PBXGroup;
			children = (
				47F098041FA722E800810E2F /* CarouseViewController.swift */,
				47F098061FA7230300810E2F /* CarouseAnimationView.swift */,
			);
			path = "跑马灯效果";
			sourceTree = "<group>";
		};
		78EA6AB8782A1BA633E53E30 /* Frameworks */ = {
			isa = PBXGroup;
			children = (
				524294C0D2A2B1EB04C43B25 /* Pods_POPAnimation.framework */,
			);
			name = Frameworks;
			sourceTree = "<group>";
		};
/* End PBXGroup section */

/* Begin PBXNativeTarget section */
		470941C31F91A081001B2698 /* POPAnimation */ = {
			isa = PBXNativeTarget;
			buildConfigurationList = 470941D61F91A081001B2698 /* Build configuration list for PBXNativeTarget "POPAnimation" */;
			buildPhases = (
				C63CA8F9DA55E59101096628 /* [CP] Check Pods Manifest.lock */,
				470941C01F91A081001B2698 /* Sources */,
				470941C11F91A081001B2698 /* Frameworks */,
				470941C21F91A081001B2698 /* Resources */,
				58F42F2EE742DA9426C5249E /* [CP] Embed Pods Frameworks */,
				96731632B0D66890047E6716 /* [CP] Copy Pods Resources */,
			);
			buildRules = (
			);
			dependencies = (
			);
			name = POPAnimation;
			productName = POPAnimation;
			productReference = 470941C41F91A081001B2698 /* POPAnimation.app */;
			productType = "com.apple.product-type.application";
		};
/* End PBXNativeTarget section */

/* Begin PBXProject section */
		470941BC1F91A081001B2698 /* Project object */ = {
			isa = PBXProject;
			attributes = {
				LastSwiftUpdateCheck = 0900;
				LastUpgradeCheck = 0900;
				ORGANIZATIONNAME = "iOS-Jun";
				TargetAttributes = {
					470941C31F91A081001B2698 = {
						CreatedOnToolsVersion = 9.0;
						ProvisioningStyle = Automatic;
					};
				};
			};
			buildConfigurationList = 470941BF1F91A081001B2698 /* Build configuration list for PBXProject "POPAnimation" */;
			compatibilityVersion = "Xcode 8.0";
			developmentRegion = en;
			hasScannedForEncodings = 0;
			knownRegions = (
				en,
				Base,
			);
			mainGroup = 470941BB1F91A081001B2698;
			productRefGroup = 470941C51F91A081001B2698 /* Products */;
			projectDirPath = "";
			projectRoot = "";
			targets = (
				470941C31F91A081001B2698 /* POPAnimation */,
			);
		};
/* End PBXProject section */

/* Begin PBXResourcesBuildPhase section */
		470941C21F91A081001B2698 /* Resources */ = {
			isa = PBXResourcesBuildPhase;
			buildActionMask = 2147483647;
			files = (
				47281BFC1F95D72500E9342F /* RadarViewController.xib in Resources */,
				470941D21F91A081001B2698 /* LaunchScreen.storyboard in Resources */,
				470941CF1F91A081001B2698 /* Assets.xcassets in Resources */,
				4714E62F1F92034E0097C070 /* PublishView.xib in Resources */,
				473195E31F9486DF0023786A /* QQAnimationViewController.xib in Resources */,
				4714E6261F91B2310097C070 /* PictureViewController.xib in Resources */,
				4714E61E1F91A6670097C070 /* VolumeViewController.xib in Resources */,
				470941CD1F91A081001B2698 /* Main.storyboard in Resources */,
				4714E61A1F91A6350097C070 /* ActivityViewController.xib in Resources */,
				4714E62B1F91FFEE0097C070 /* WeiBoViewController.xib in Resources */,
				473195DF1F9486C60023786A /* ClockViewController.xib in Resources */,
			);
			runOnlyForDeploymentPostprocessing = 0;
		};
/* End PBXResourcesBuildPhase section */

/* Begin PBXShellScriptBuildPhase section */
		58F42F2EE742DA9426C5249E /* [CP] Embed Pods Frameworks */ = {
			isa = PBXShellScriptBuildPhase;
			buildActionMask = 2147483647;
			files = (
			);
			inputPaths = (
				"${SRCROOT}/Pods/Target Support Files/Pods-POPAnimation/Pods-POPAnimation-frameworks.sh",
				"${BUILT_PRODUCTS_DIR}/pop/pop.framework",
			);
			name = "[CP] Embed Pods Frameworks";
			outputPaths = (
				"${TARGET_BUILD_DIR}/${FRAMEWORKS_FOLDER_PATH}/pop.framework",
			);
			runOnlyForDeploymentPostprocessing = 0;
			shellPath = /bin/sh;
			shellScript = "\"${SRCROOT}/Pods/Target Support Files/Pods-POPAnimation/Pods-POPAnimation-frameworks.sh\"\n";
			showEnvVarsInLog = 0;
		};
		96731632B0D66890047E6716 /* [CP] Copy Pods Resources */ = {
			isa = PBXShellScriptBuildPhase;
			buildActionMask = 2147483647;
			files = (
			);
			inputPaths = (
			);
			name = "[CP] Copy Pods Resources";
			outputPaths = (
			);
			runOnlyForDeploymentPostprocessing = 0;
			shellPath = /bin/sh;
			shellScript = "\"${SRCROOT}/Pods/Target Support Files/Pods-POPAnimation/Pods-POPAnimation-resources.sh\"\n";
			showEnvVarsInLog = 0;
		};
		C63CA8F9DA55E59101096628 /* [CP] Check Pods Manifest.lock */ = {
			isa = PBXShellScriptBuildPhase;
			buildActionMask = 2147483647;
			files = (
			);
			inputPaths = (
				"${PODS_PODFILE_DIR_PATH}/Podfile.lock",
				"${PODS_ROOT}/Manifest.lock",
			);
			name = "[CP] Check Pods Manifest.lock";
			outputPaths = (
				"$(DERIVED_FILE_DIR)/Pods-POPAnimation-checkManifestLockResult.txt",
			);
			runOnlyForDeploymentPostprocessing = 0;
			shellPath = /bin/sh;
			shellScript = "diff \"${PODS_PODFILE_DIR_PATH}/Podfile.lock\" \"${PODS_ROOT}/Manifest.lock\" > /dev/null\nif [ $? != 0 ] ; then\n    # print error to STDERR\n    echo \"error: The sandbox is not in sync with the Podfile.lock. Run 'pod install' or update your CocoaPods installation.\" >&2\n    exit 1\nfi\n# This output is used by Xcode 'outputs' to avoid re-running this script phase.\necho \"SUCCESS\" > \"${SCRIPT_OUTPUT_FILE_0}\"\n";
			showEnvVarsInLog = 0;
		};
/* End PBXShellScriptBuildPhase section */

/* Begin PBXSourcesBuildPhase section */
		470941C01F91A081001B2698 /* Sources */ = {
			isa = PBXSourcesBuildPhase;
			buildActionMask = 2147483647;
			files = (
				473195E91F95907B0023786A /* PointButton.swift in Sources */,
				4714E6251F91B2310097C070 /* PictureViewController.swift in Sources */,
				4714E61D1F91A6670097C070 /* VolumeViewController.swift in Sources */,
				470941CA1F91A081001B2698 /* ViewController.swift in Sources */,
				473195DE1F9486C60023786A /* ClockViewController.swift in Sources */,
				4714E62A1F91FFEE0097C070 /* WeiBoViewController.swift in Sources */,
				473195E71F948C0E0023786A /* AnimationExtension.swift in Sources */,
				473195EB1F95CC4C0023786A /* LikeView.swift in Sources */,
				47281BFB1F95D72500E9342F /* RadarViewController.swift in Sources */,
				47F098051FA722E800810E2F /* CarouseViewController.swift in Sources */,
				47F098071FA7230300810E2F /* CarouseAnimationView.swift in Sources */,
				473195E21F9486DF0023786A /* QQAnimationViewController.swift in Sources */,
				473195D91F9453A10023786A /* BaseButton.swift in Sources */,
				4714E6191F91A6350097C070 /* ActivityViewController.swift in Sources */,
				470941C81F91A081001B2698 /* AppDelegate.swift in Sources */,
				4714E62D1F9203440097C070 /* PublishView.swift in Sources */,
				473195D71F94511C0023786A /* AppConstant.swift in Sources */,
				474E87111FA855AC000A9AB6 /* WaterWaveViewController.swift in Sources */,
				47281BFE1F95DB3200E9342F /* RadarView.swift in Sources */,
				474E870F1FA8558E000A9AB6 /* WaterWaveAnimationView.swift in Sources */,
			);
			runOnlyForDeploymentPostprocessing = 0;
		};
/* End PBXSourcesBuildPhase section */

/* Begin PBXVariantGroup section */
		470941CB1F91A081001B2698 /* Main.storyboard */ = {
			isa = PBXVariantGroup;
			children = (
				470941CC1F91A081001B2698 /* Base */,
			);
			name = Main.storyboard;
			sourceTree = "<group>";
		};
		470941D01F91A081001B2698 /* LaunchScreen.storyboard */ = {
			isa = PBXVariantGroup;
			children = (
				470941D11F91A081001B2698 /* Base */,
			);
			name = LaunchScreen.storyboard;
			sourceTree = "<group>";
		};
/* End PBXVariantGroup section */

/* Begin XCBuildConfiguration section */
		470941D41F91A081001B2698 /* Debug */ = {
			isa = XCBuildConfiguration;
			buildSettings = {
				ALWAYS_SEARCH_USER_PATHS = NO;
				CLANG_ANALYZER_NONNULL = YES;
				CLANG_ANALYZER_NUMBER_OBJECT_CONVERSION = YES_AGGRESSIVE;
				CLANG_CXX_LANGUAGE_STANDARD = "gnu++14";
				CLANG_CXX_LIBRARY = "libc++";
				CLANG_ENABLE_MODULES = YES;
				CLANG_ENABLE_OBJC_ARC = YES;
				CLANG_WARN_BLOCK_CAPTURE_AUTORELEASING = YES;
				CLANG_WARN_BOOL_CONVERSION = YES;
				CLANG_WARN_COMMA = YES;
				CLANG_WARN_CONSTANT_CONVERSION = YES;
				CLANG_WARN_DIRECT_OBJC_ISA_USAGE = YES_ERROR;
				CLANG_WARN_DOCUMENTATION_COMMENTS = YES;
				CLANG_WARN_EMPTY_BODY = YES;
				CLANG_WARN_ENUM_CONVERSION = YES;
				CLANG_WARN_INFINITE_RECURSION = YES;
				CLANG_WARN_INT_CONVERSION = YES;
				CLANG_WARN_NON_LITERAL_NULL_CONVERSION = YES;
				CLANG_WARN_OBJC_LITERAL_CONVERSION = YES;
				CLANG_WARN_OBJC_ROOT_CLASS = YES_ERROR;
				CLANG_WARN_RANGE_LOOP_ANALYSIS = YES;
				CLANG_WARN_STRICT_PROTOTYPES = YES;
				CLANG_WARN_SUSPICIOUS_MOVE = YES;
				CLANG_WARN_UNGUARDED_AVAILABILITY = YES_AGGRESSIVE;
				CLANG_WARN_UNREACHABLE_CODE = YES;
				CLANG_WARN__DUPLICATE_METHOD_MATCH = YES;
				CODE_SIGN_IDENTITY = "iPhone Developer";
				COPY_PHASE_STRIP = NO;
				DEBUG_INFORMATION_FORMAT = dwarf;
				ENABLE_STRICT_OBJC_MSGSEND = YES;
				ENABLE_TESTABILITY = YES;
				GCC_C_LANGUAGE_STANDARD = gnu11;
				GCC_DYNAMIC_NO_PIC = NO;
				GCC_NO_COMMON_BLOCKS = YES;
				GCC_OPTIMIZATION_LEVEL = 0;
				GCC_PREPROCESSOR_DEFINITIONS = (
					"DEBUG=1",
					"$(inherited)",
				);
				GCC_WARN_64_TO_32_BIT_CONVERSION = YES;
				GCC_WARN_ABOUT_RETURN_TYPE = YES_ERROR;
				GCC_WARN_UNDECLARED_SELECTOR = YES;
				GCC_WARN_UNINITIALIZED_AUTOS = YES_AGGRESSIVE;
				GCC_WARN_UNUSED_FUNCTION = YES;
				GCC_WARN_UNUSED_VARIABLE = YES;
				IPHONEOS_DEPLOYMENT_TARGET = 11.0;
				MTL_ENABLE_DEBUG_INFO = YES;
				ONLY_ACTIVE_ARCH = YES;
				SDKROOT = iphoneos;
				SWIFT_ACTIVE_COMPILATION_CONDITIONS = DEBUG;
				SWIFT_OPTIMIZATION_LEVEL = "-Onone";
			};
			name = Debug;
		};
		470941D51F91A081001B2698 /* Release */ = {
			isa = XCBuildConfiguration;
			buildSettings = {
				ALWAYS_SEARCH_USER_PATHS = NO;
				CLANG_ANALYZER_NONNULL = YES;
				CLANG_ANALYZER_NUMBER_OBJECT_CONVERSION = YES_AGGRESSIVE;
				CLANG_CXX_LANGUAGE_STANDARD = "gnu++14";
				CLANG_CXX_LIBRARY = "libc++";
				CLANG_ENABLE_MODULES = YES;
				CLANG_ENABLE_OBJC_ARC = YES;
				CLANG_WARN_BLOCK_CAPTURE_AUTORELEASING = YES;
				CLANG_WARN_BOOL_CONVERSION = YES;
				CLANG_WARN_COMMA = YES;
				CLANG_WARN_CONSTANT_CONVERSION = YES;
				CLANG_WARN_DIRECT_OBJC_ISA_USAGE = YES_ERROR;
				CLANG_WARN_DOCUMENTATION_COMMENTS = YES;
				CLANG_WARN_EMPTY_BODY = YES;
				CLANG_WARN_ENUM_CONVERSION = YES;
				CLANG_WARN_INFINITE_RECURSION = YES;
				CLANG_WARN_INT_CONVERSION = YES;
				CLANG_WARN_NON_LITERAL_NULL_CONVERSION = YES;
				CLANG_WARN_OBJC_LITERAL_CONVERSION = YES;
				CLANG_WARN_OBJC_ROOT_CLASS = YES_ERROR;
				CLANG_WARN_RANGE_LOOP_ANALYSIS = YES;
				CLANG_WARN_STRICT_PROTOTYPES = YES;
				CLANG_WARN_SUSPICIOUS_MOVE = YES;
				CLANG_WARN_UNGUARDED_AVAILABILITY = YES_AGGRESSIVE;
				CLANG_WARN_UNREACHABLE_CODE = YES;
				CLANG_WARN__DUPLICATE_METHOD_MATCH = YES;
				CODE_SIGN_IDENTITY = "iPhone Developer";
				COPY_PHASE_STRIP = NO;
				DEBUG_INFORMATION_FORMAT = "dwarf-with-dsym";
				ENABLE_NS_ASSERTIONS = NO;
				ENABLE_STRICT_OBJC_MSGSEND = YES;
				GCC_C_LANGUAGE_STANDARD = gnu11;
				GCC_NO_COMMON_BLOCKS = YES;
				GCC_WARN_64_TO_32_BIT_CONVERSION = YES;
				GCC_WARN_ABOUT_RETURN_TYPE = YES_ERROR;
				GCC_WARN_UNDECLARED_SELECTOR = YES;
				GCC_WARN_UNINITIALIZED_AUTOS = YES_AGGRESSIVE;
				GCC_WARN_UNUSED_FUNCTION = YES;
				GCC_WARN_UNUSED_VARIABLE = YES;
				IPHONEOS_DEPLOYMENT_TARGET = 11.0;
				MTL_ENABLE_DEBUG_INFO = NO;
				SDKROOT = iphoneos;
				SWIFT_OPTIMIZATION_LEVEL = "-Owholemodule";
				VALIDATE_PRODUCT = YES;
			};
			name = Release;
		};
		470941D71F91A081001B2698 /* Debug */ = {
			isa = XCBuildConfiguration;
			baseConfigurationReference = E96A68EFFB8A37BDCFD91363 /* Pods-POPAnimation.debug.xcconfig */;
			buildSettings = {
				ASSETCATALOG_COMPILER_APPICON_NAME = AppIcon;
				CODE_SIGN_STYLE = Automatic;
				DEVELOPMENT_TEAM = 39D8T9VWXG;
				INFOPLIST_FILE = POPAnimation/Info.plist;
				LD_RUNPATH_SEARCH_PATHS = "$(inherited) @executable_path/Frameworks";
				PRODUCT_BUNDLE_IDENTIFIER = "com.ios-tian.rxswift.POPAnimation";
				PRODUCT_NAME = "$(TARGET_NAME)";
				SWIFT_VERSION = 4.0;
				TARGETED_DEVICE_FAMILY = "1,2";
			};
			name = Debug;
		};
		470941D81F91A081001B2698 /* Release */ = {
			isa = XCBuildConfiguration;
			baseConfigurationReference = DB8481B9511A5747A7E388E9 /* Pods-POPAnimation.release.xcconfig */;
			buildSettings = {
				ASSETCATALOG_COMPILER_APPICON_NAME = AppIcon;
				CODE_SIGN_STYLE = Automatic;
				DEVELOPMENT_TEAM = 39D8T9VWXG;
				INFOPLIST_FILE = POPAnimation/Info.plist;
				LD_RUNPATH_SEARCH_PATHS = "$(inherited) @executable_path/Frameworks";
				PRODUCT_BUNDLE_IDENTIFIER = "com.ios-tian.rxswift.POPAnimation";
				PRODUCT_NAME = "$(TARGET_NAME)";
				SWIFT_VERSION = 4.0;
				TARGETED_DEVICE_FAMILY = "1,2";
			};
			name = Release;
		};
/* End XCBuildConfiguration section */

/* Begin XCConfigurationList section */
		470941BF1F91A081001B2698 /* Build configuration list for PBXProject "POPAnimation" */ = {
			isa = XCConfigurationList;
			buildConfigurations = (
				470941D41F91A081001B2698 /* Debug */,
				470941D51F91A081001B2698 /* Release */,
			);
			defaultConfigurationIsVisible = 0;
			defaultConfigurationName = Release;
		};
		470941D61F91A081001B2698 /* Build configuration list for PBXNativeTarget "POPAnimation" */ = {
			isa = XCConfigurationList;
			buildConfigurations = (
				470941D71F91A081001B2698 /* Debug */,
				470941D81F91A081001B2698 /* Release */,
			);
			defaultConfigurationIsVisible = 0;
			defaultConfigurationName = Release;
		};
/* End XCConfigurationList section */
	};
	rootObject = 470941BC1F91A081001B2698 /* Project object */;
}
